
Microsoft Visual Studio Solution File, Format Version 10.00
# Visual Studio 2008
Project("{8BC9CEB8-8B4A-11D0-8D11-00A0C91BC942}") = "spdif_test", "spdif_test.vcproj", "{45BB4A9C-384A-40AD-B054-CE78523F148B}"
	ProjectSection(ProjectDependencies) = postProject
		{30FCD216-1CAD-48FD-BF4B-337572F7EC9C} = {30FCD216-1CAD-48FD-BF4B-337572F7EC9C}
	EndProjectSection
EndProject
Project("{8BC9CEB8-8B4A-11D0-8D11-00A0C91BC942}") = "valib", "..\..\..\valib\lib\valib.vcproj", "{30FCD216-1CAD-48FD-BF4B-337572F7EC9C}"
EndProject
Global
	GlobalSection(SolutionConfigurationPlatforms) = preSolution
		Debug|Win32 = Debug|Win32
		Debug|x64 = Debug|x64
		Release|Win32 = Release|Win32
		Release|x64 = Release|x64
	EndGlobalSection
	GlobalSection(ProjectConfigurationPlatforms) = postSolution
		{45BB4A9C-384A-40AD-B054-CE78523F148B}.Debug|Win32.ActiveCfg = Debug|Win32
		{45BB4A9C-384A-40AD-B054-CE78523F148B}.Debug|Win32.Build.0 = Debug|Win32
		{45BB4A9C-384A-40AD-B054-CE78523F148B}.Debug|x64.ActiveCfg = Debug|x64
		{45BB4A9C-384A-40AD-B054-CE78523F148B}.Debug|x64.Build.0 = Debug|x64
		{45BB4A9C-384A-40AD-B054-CE78523F148B}.Release|Win32.ActiveCfg = Release|Win32
		{45BB4A9C-384A-40AD-B054-CE78523F148B}.Release|Win32.Build.0 = Release|Win32
		{45BB4A9C-384A-40AD-B054-CE78523F148B}.Release|x64.ActiveCfg = Release|x64
		{45BB4A9C-384A-40AD-B054-CE78523F148B}.Release|x64.Build.0 = Release|x64
		{30FCD216-1CAD-48FD-BF4B-337572F7EC9C}.Debug|Win32.ActiveCfg = Debug|Win32
		{30FCD216-1CAD-48FD-BF4B-337572F7EC9C}.Debug|Win32.Build.0 = Debug|Win32
		{30FCD216-1CAD-48FD-BF4B-337572F7EC9C}.Debug|x64.ActiveCfg = Debug|x64
		{30FCD216-1CAD-48FD-BF4B-337572F7EC9C}.Debug|x64.Build.0 = Debug|x64
		{30FCD216-1CAD-48FD-BF4B-337572F7EC9C}.Release|Win32.ActiveCfg = Release|Win32
		{30FCD216-1CAD-48FD-BF4B-337572F7EC9C}.Release|Win32.Build.0 = Release|Win32
		{30FCD216-1CAD-48FD-BF4B-337572F7EC9C}.Release|x64.ActiveCfg = Release|x64
		{30FCD216-1CAD-48FD-BF4B-337572F7EC9C}.Release|x64.Build.0 = Release|x64
	EndGlobalSection
	GlobalSection(SolutionProperties) = preSolution
		HideSolutionNode = FALSE
	EndGlobalSection
EndGlobal
