
Microsoft Visual Studio Solution File, Format Version 10.00
# Visual Studio 2008
Project("{8BC9CEB8-8B4A-11D0-8D11-00A0C91BC942}") = "ac3config", "ac3config.vcproj", "{4BD13C6E-69C7-4AAC-B30E-260A51456576}"
	ProjectSection(ProjectDependencies) = postProject
		{30FCD216-1CAD-48FD-BF4B-337572F7EC9C} = {30FCD216-1CAD-48FD-BF4B-337572F7EC9C}
	EndProjectSection
EndProject
Project("{8BC9CEB8-8B4A-11D0-8D11-00A0C91BC942}") = "valib", "..\..\..\valib\lib\valib.vcproj", "{30FCD216-1CAD-48FD-BF4B-337572F7EC9C}"
EndProject
Global
	GlobalSection(SolutionConfigurationPlatforms) = preSolution
		Debug|Win32 = Debug|Win32
		Debug|x64 = Debug|x64
		Release|Win32 = Release|Win32
		Release|x64 = Release|x64
	EndGlobalSection
	GlobalSection(ProjectConfigurationPlatforms) = postSolution
		{4BD13C6E-69C7-4AAC-B30E-260A51456576}.Debug|Win32.ActiveCfg = Debug|Win32
		{4BD13C6E-69C7-4AAC-B30E-260A51456576}.Debug|Win32.Build.0 = Debug|Win32
		{4BD13C6E-69C7-4AAC-B30E-260A51456576}.Debug|x64.ActiveCfg = Debug|x64
		{4BD13C6E-69C7-4AAC-B30E-260A51456576}.Debug|x64.Build.0 = Debug|x64
		{4BD13C6E-69C7-4AAC-B30E-260A51456576}.Release|Win32.ActiveCfg = Release|Win32
		{4BD13C6E-69C7-4AAC-B30E-260A51456576}.Release|Win32.Build.0 = Release|Win32
		{4BD13C6E-69C7-4AAC-B30E-260A51456576}.Release|x64.ActiveCfg = Release|x64
		{4BD13C6E-69C7-4AAC-B30E-260A51456576}.Release|x64.Build.0 = Release|x64
		{30FCD216-1CAD-48FD-BF4B-337572F7EC9C}.Debug|Win32.ActiveCfg = Debug|Win32
		{30FCD216-1CAD-48FD-BF4B-337572F7EC9C}.Debug|Win32.Build.0 = Debug|Win32
		{30FCD216-1CAD-48FD-BF4B-337572F7EC9C}.Debug|x64.ActiveCfg = Debug|x64
		{30FCD216-1CAD-48FD-BF4B-337572F7EC9C}.Debug|x64.Build.0 = Debug|x64
		{30FCD216-1CAD-48FD-BF4B-337572F7EC9C}.Release|Win32.ActiveCfg = Release|Win32
		{30FCD216-1CAD-48FD-BF4B-337572F7EC9C}.Release|Win32.Build.0 = Release|Win32
		{30FCD216-1CAD-48FD-BF4B-337572F7EC9C}.Release|x64.ActiveCfg = Release|x64
		{30FCD216-1CAD-48FD-BF4B-337572F7EC9C}.Release|x64.Build.0 = Release|x64
	EndGlobalSection
	GlobalSection(SolutionProperties) = preSolution
		HideSolutionNode = FALSE
	EndGlobalSection
EndGlobal
